<?xml version="1.0" encoding="UTF-8" standalone="yes" ?>
<CodeBlocks_project_file>
	<FileVersion major="1" minor="6" />
	<Project>
		<Option title="Coursera-Algorithms" />
		<Option pch_mode="2" />
		<Option compiler="gcc" />
		<Option virtualFolders="src/;include/test/;" />
		<Build>
			<Target title="Debug">
				<Option output="bin/Debug/Coursera-Algorithms" prefix_auto="1" extension_auto="1" />
				<Option object_output="obj/Debug/" />
				<Option type="1" />
				<Option compiler="gcc" />
				<Compiler>
					<Add option="-std=c++11" />
					<Add option="-g" />
					<Add directory="include" />
				</Compiler>
			</Target>
			<Target title="Release">
				<Option output="bin/Release/Coursera-Algorithms" prefix_auto="1" extension_auto="1" />
				<Option object_output="obj/Release/" />
				<Option type="1" />
				<Option compiler="gcc" />
				<Compiler>
					<Add option="-O2" />
					<Add directory="include" />
				</Compiler>
				<Linker>
					<Add option="-s" />
				</Linker>
			</Target>
		</Build>
		<Compiler>
			<Add option="-Wall" />
			<Add option="-fexceptions" />
			<Add directory="include" />
		</Compiler>
		<Unit filename="include/Graph_Clustering.h" />
		<Unit filename="include/JobSchedulingTest.h" />
		<Unit filename="include/KnapsackProblem.h" />
		<Unit filename="include/Kruskal_Algorithm.h" />
		<Unit filename="include/MWIS-test.h" />
		<Unit filename="include/MaxWeightIndepSet.h" />
		<Unit filename="include/SequenceAlignment.h" />
		<Unit filename="include/Union_Find.h" />
		<Unit filename="include/graph.h" />
		<Unit filename="include/huffman_code.h" />
		<Unit filename="include/job_scheduling.h" />
		<Unit filename="include/prim.h" />
		<Unit filename="include/simple_tree.hpp" />
		<Unit filename="include/test/graphtest.h" />
		<Unit filename="include/test/huffman_test.h" />
		<Unit filename="include/test/knapsackTest.h" />
		<Unit filename="include/test/kruskal_algorithm_test.h" />
		<Unit filename="include/test/primtest.h" />
		<Unit filename="include/test/sequenceAlignmentTest.h" />
		<Unit filename="include/test/unionFind.h" />
		<Unit filename="include/tree.hh" />
		<Unit filename="include/tree_util.hh" />
		<Unit filename="include/util.h" />
		<Unit filename="include/utils.h" />
		<Unit filename="include/xinlin.hh" />
		<Unit filename="main.cpp" />
		<Unit filename="sequenceAlignmentTest.h">
			<Option virtualFolder="include/test/" />
			<Option target="&lt;{~None~}&gt;" />
		</Unit>
		<Unit filename="src/Graph_Clustering.cpp" />
		<Unit filename="src/Kruskal_Algorithm.cpp" />
		<Unit filename="src/KnapsackProblem.cpp" />
		<Unit filename="src/Kruskal_Algorithm.cpp" />
		<Unit filename="src/MaxWeightIndepSet.cpp" />
		<Unit filename="src/SequenceAlignment.cpp" />
		<Unit filename="src/Union_Find.cpp" />
		<Unit filename="src/graph.cpp" />
		<Unit filename="src/huffman_code.cpp" />
		<Unit filename="src/job_scheduling.cpp" />
		<Unit filename="src/prims_algorithm_basic.cpp" />
		<Unit filename="src/util.cpp" />
		<Unit filename="test/JobSchedulingTest.cpp" />
		<Unit filename="test/MWIS-test.cpp" />
		<Unit filename="test/graphtest.cpp">
			<Option virtualFolder="src/" />
		</Unit>
		<Unit filename="test/huffman_code_test.cpp" />
		<Unit filename="test/jobschedulingtest.cpp" />
		<Unit filename="test/knapsackTest.cpp" />
		<Unit filename="test/kruskal_test.cpp" />
		<Unit filename="test/primtest.cpp" />
		<Unit filename="test/sequenceAlignmentTest.cpp" />
		<Unit filename="test/unionFind.cpp" />
		<Extensions>
			<code_completion />
			<debugger />
			<DoxyBlocks>
				<comment_style block="0" line="0" />
				<doxyfile_project />
				<doxyfile_build extract_all="1" />
				<doxyfile_warnings />
				<doxyfile_output />
				<doxyfile_dot class_diagrams="1" />
				<general use_at_in_tags="1" />
			</DoxyBlocks>
			<envvars />
		</Extensions>
	</Project>
</CodeBlocks_project_file>
